
Microsoft Visual Studio Solution File, Format Version 12.00
# Visual Studio Version 17
VisualStudioVersion = 17.7.34031.279
MinimumVisualStudioVersion = 10.0.40219.1
Project("{FAE04EC0-301F-11D3-BF4B-00C04F79EFBC}") = "IncidentTelegramBot", "IncidentTelegramBot\IncidentTelegramBot.csproj", "{07798F14-1A62-4305-BF0C-9EE5C0E3BFBB}"
EndProject
Global
	GlobalSection(SolutionConfigurationPlatforms) = preSolution
		Debug|Any CPU = Debug|Any CPU
		Release|Any CPU = Release|Any CPU
	EndGlobalSection
	GlobalSection(ProjectConfigurationPlatforms) = postSolution
		{07798F14-1A62-4305-BF0C-9EE5C0E3BFBB}.Debug|Any CPU.ActiveCfg = Debug|Any CPU
		{07798F14-1A62-4305-BF0C-9EE5C0E3BFBB}.Debug|Any CPU.Build.0 = Debug|Any CPU
		{07798F14-1A62-4305-BF0C-9EE5C0E3BFBB}.Release|Any CPU.ActiveCfg = Release|Any CPU
		{07798F14-1A62-4305-BF0C-9EE5C0E3BFBB}.Release|Any CPU.Build.0 = Release|Any CPU
	EndGlobalSection
	GlobalSection(SolutionProperties) = preSolution
		HideSolutionNode = FALSE
	EndGlobalSection
	GlobalSection(ExtensibilityGlobals) = postSolution
		SolutionGuid = {B2C13483-497A-44CB-B081-7A0017BCA0C5}
	EndGlobalSection
EndGlobal
